
Microsoft Visual Studio Solution File, Format Version 12.00
# Visual Studio Version 17
VisualStudioVersion = 17.9.34616.47
MinimumVisualStudioVersion = 10.0.40219.1
Project("{FAE04EC0-301F-11D3-BF4B-00C04F79EFBC}") = "WebApplication2025", "WebApplication2025\WebApplication2025.csproj", "{1BC74594-40CE-4C58-AAB0-C7AAE1874375}"
EndProject
Global
	GlobalSection(SolutionConfigurationPlatforms) = preSolution
		Debug|Any CPU = Debug|Any CPU
		Release|Any CPU = Release|Any CPU
	EndGlobalSection
	GlobalSection(ProjectConfigurationPlatforms) = postSolution
		{1BC74594-40CE-4C58-AAB0-C7AAE1874375}.Debug|Any CPU.ActiveCfg = Debug|Any CPU
		{1BC74594-40CE-4C58-AAB0-C7AAE1874375}.Debug|Any CPU.Build.0 = Debug|Any CPU
		{1BC74594-40CE-4C58-AAB0-C7AAE1874375}.Release|Any CPU.ActiveCfg = Release|Any CPU
		{1BC74594-40CE-4C58-AAB0-C7AAE1874375}.Release|Any CPU.Build.0 = Release|Any CPU
	EndGlobalSection
	GlobalSection(SolutionProperties) = preSolution
		HideSolutionNode = FALSE
	EndGlobalSection
	GlobalSection(ExtensibilityGlobals) = postSolution
		SolutionGuid = {BDDD7CBA-1A9A-47D1-B428-942EED71C2E5}
	EndGlobalSection
EndGlobal
